{
  "originHash" : "b64a3704ae5a670fa7c6dde8b247da18c9c2a7d9c273c22c2543732d2bd8583e",
  "pins" : [
    {
      "identity" : "grdb.swift",
      "kind" : "remoteSourceControl",
      "location" : "https://github.com/groue/GRDB.swift",
      "state" : {
        "revision" : "2cf6c756e1e5ef6901ebae16576a7e4e4b834622",
        "version" : "6.29.3"
      }
    },
    {
      "identity" : "mediaremote-adapter",
      "kind" : "remoteSourceControl",
      "location" : "https://github.com/ejbills/mediaremote-adapter.git",
      "state" : {
        "branch" : "master",
        "revision" : "78aae86c03adab11a7b352211cc82381737cf854"
      }
    }
  ],
  "version" : 3
}
